<?xml version="1.0" encoding="utf-8"?>
<Project ToolsVersion="4.0" xmlns="http://schemas.microsoft.com/developer/msbuild/2003">
  <ItemGroup>
    <Filter Include="Source Files">
      <UniqueIdentifier>{4FC737F1-C7A5-4376-A066-2A32D752A2FF}</UniqueIdentifier>
      <Extensions>cpp;c;cc;cxx;def;odl;idl;hpj;bat;asm;asmx</Extensions>
    </Filter>
    <Filter Include="Header Files">
      <UniqueIdentifier>{93995380-89BD-4b04-88EB-625FBE52EBFB}</UniqueIdentifier>
      <Extensions>h;hh;hpp;hxx;hm;inl;inc;xsd</Extensions>
    </Filter>
    <Filter Include="Resource Files">
      <UniqueIdentifier>{67DA6AB6-F800-4c08-8B7A-83BB121AAD01}</UniqueIdentifier>
      <Extensions>rc;ico;cur;bmp;dlg;rc2;rct;bin;rgs;gif;jpg;jpeg;jpe;resx;tiff;tif;png;wav;mfcribbon-ms</Extensions>
    </Filter>
    <Filter Include="Resource Files\png">
      <UniqueIdentifier>{f073e74d-1d39-47f5-a91d-02db2ad054ea}</UniqueIdentifier>
    </Filter>
    <Filter Include="Resource Files\shaders">
      <UniqueIdentifier>{0a0b28b0-3d90-4551-9aef-ea628b495137}</UniqueIdentifier>
    </Filter>
    <Filter Include="Resource Files\libs">
      <UniqueIdentifier>{e2202692-9ee3-44aa-ab74-c43626286053}</UniqueIdentifier>
    </Filter>
    <Filter Include="Header Files\Managers">
      <UniqueIdentifier>{ae4d5ed9-710f-49cf-8db4-b4e409e4a9f8}</UniqueIdentifier>
    </Filter>
    <Filter Include="Header Files\Game Engine">
      <UniqueIdentifier>{bb0870c1-3e14-4ce2-9892-c7b67bc74c1a}</UniqueIdentifier>
    </Filter>
    <Filter Include="Source Files\Game Engine">
      <UniqueIdentifier>{187a5377-8201-44fb-8963-229846e32771}</UniqueIdentifier>
    </Filter>
    <Filter Include="Header Files\Game Engine\Entity System">
      <UniqueIdentifier>{508b0831-377b-4e66-b777-ebd5292db6b0}</UniqueIdentifier>
    </Filter>
    <Filter Include="Source Files\Game Engine\Entity System">
      <UniqueIdentifier>{927ec997-c71f-4ae5-bb39-9c02569fc99e}</UniqueIdentifier>
    </Filter>
    <Filter Include="Header Files\Game Engine\Geometry">
      <UniqueIdentifier>{fb8cbf6b-317a-4496-a16e-ae7ca7c1c4d0}</UniqueIdentifier>
    </Filter>
    <Filter Include="Source Files\Game Engine\Geometry">
      <UniqueIdentifier>{8c031793-75b0-4baf-a6a7-4a42de655955}</UniqueIdentifier>
    </Filter>
    <Filter Include="Header Files\Game Engine\Application">
      <UniqueIdentifier>{20ffd586-ef69-41f8-be32-aa6255c4bb5c}</UniqueIdentifier>
    </Filter>
    <Filter Include="Source Files\Game Engine\Application">
      <UniqueIdentifier>{01bba54e-e1d3-4d7d-86a5-15a6876e72b1}</UniqueIdentifier>
    </Filter>
    <Filter Include="Header Files\Components">
      <UniqueIdentifier>{459bc114-4221-4792-b2f4-99be444ca905}</UniqueIdentifier>
    </Filter>
    <Filter Include="Header Files\GL">
      <UniqueIdentifier>{f757423b-2b30-4783-b1be-a49925d27205}</UniqueIdentifier>
    </Filter>
    <Filter Include="libpng">
      <UniqueIdentifier>{f86c4dc9-94af-4356-8c8a-b1bb17bc391a}</UniqueIdentifier>
    </Filter>
    <Filter Include="Source Files\Manager">
      <UniqueIdentifier>{0a2b3f97-590c-47c1-8c30-45a13fd15b63}</UniqueIdentifier>
    </Filter>
    <Filter Include="Header Files\Game Engine\System">
      <UniqueIdentifier>{0188d9f9-6e9e-4d4a-8e8b-45895234ed4f}</UniqueIdentifier>
    </Filter>
    <Filter Include="Source Files\Game Engine\System">
      <UniqueIdentifier>{2c86e8cf-6937-40be-82ac-f1a0b4aac7fd}</UniqueIdentifier>
    </Filter>
    <Filter Include="Header Files\Game Engine\Graphics">
      <UniqueIdentifier>{632ac5df-8d31-49cf-a2cb-792a0b3a3f99}</UniqueIdentifier>
    </Filter>
    <Filter Include="Source Files\Game Engine\Graphics">
      <UniqueIdentifier>{215a7b08-5518-48c4-bbf3-8b0967790fb9}</UniqueIdentifier>
    </Filter>
    <Filter Include="Header Files\Game Engine\Audio">
      <UniqueIdentifier>{49529f5c-4af3-4f13-979c-86ce77c9c474}</UniqueIdentifier>
    </Filter>
    <Filter Include="Source Files\Game Engine\Audio">
      <UniqueIdentifier>{4bdf7de4-2b0e-4f3c-bb8f-7e35188598dc}</UniqueIdentifier>
    </Filter>
    <Filter Include="Resource Files\music">
      <UniqueIdentifier>{dd2ccab8-9083-4111-8625-5ff55b51f214}</UniqueIdentifier>
    </Filter>
    <Filter Include="Header Files\FMOD">
      <UniqueIdentifier>{e7d564b4-85a8-488e-9c2d-96028b29cc37}</UniqueIdentifier>
    </Filter>
    <Filter Include="Resource Files\sfx">
      <UniqueIdentifier>{c6ac7e75-77ff-4070-b135-0e56d4506270}</UniqueIdentifier>
    </Filter>
    <Filter Include="Header Files\Game Engine\Input">
      <UniqueIdentifier>{1f90d018-d3bc-4aa7-a449-710a67eace16}</UniqueIdentifier>
    </Filter>
    <Filter Include="Source Files\Game Engine\Input">
      <UniqueIdentifier>{e86606f4-da5b-4165-8561-8e1e93129904}</UniqueIdentifier>
    </Filter>
  </ItemGroup>
  <ItemGroup>
    <ClCompile Include="bhmain.cpp">
      <Filter>Source Files</Filter>
    </ClCompile>
    <ClCompile Include="entity.cpp">
      <Filter>Source Files\Game Engine\Entity System</Filter>
    </ClCompile>
    <ClCompile Include="geometry.cpp">
      <Filter>Source Files\Game Engine\Geometry</Filter>
    </ClCompile>
    <ClCompile Include="BulletHell2.cpp">
      <Filter>Source Files\Game Engine\Application</Filter>
    </ClCompile>
    <ClCompile Include="lpng\adler32.c">
      <Filter>libpng</Filter>
    </ClCompile>
    <ClCompile Include="lpng\compress.c">
      <Filter>libpng</Filter>
    </ClCompile>
    <ClCompile Include="lpng\crc32.c">
      <Filter>libpng</Filter>
    </ClCompile>
    <ClCompile Include="lpng\deflate.c">
      <Filter>libpng</Filter>
    </ClCompile>
    <ClCompile Include="lpng\gzio.c">
      <Filter>libpng</Filter>
    </ClCompile>
    <ClCompile Include="lpng\infback.c">
      <Filter>libpng</Filter>
    </ClCompile>
    <ClCompile Include="lpng\inffast.c">
      <Filter>libpng</Filter>
    </ClCompile>
    <ClCompile Include="lpng\inflate.c">
      <Filter>libpng</Filter>
    </ClCompile>
    <ClCompile Include="lpng\inftrees.c">
      <Filter>libpng</Filter>
    </ClCompile>
    <ClCompile Include="lpng\minigzip.c">
      <Filter>libpng</Filter>
    </ClCompile>
    <ClCompile Include="lpng\png.c">
      <Filter>libpng</Filter>
    </ClCompile>
    <ClCompile Include="lpng\pngerror.c">
      <Filter>libpng</Filter>
    </ClCompile>
    <ClCompile Include="lpng\pnggccrd.c">
      <Filter>libpng</Filter>
    </ClCompile>
    <ClCompile Include="lpng\pngget.c">
      <Filter>libpng</Filter>
    </ClCompile>
    <ClCompile Include="lpng\pngmem.c">
      <Filter>libpng</Filter>
    </ClCompile>
    <ClCompile Include="lpng\pngpread.c">
      <Filter>libpng</Filter>
    </ClCompile>
    <ClCompile Include="lpng\pngread.c">
      <Filter>libpng</Filter>
    </ClCompile>
    <ClCompile Include="lpng\pngrio.c">
      <Filter>libpng</Filter>
    </ClCompile>
    <ClCompile Include="lpng\pngrtran.c">
      <Filter>libpng</Filter>
    </ClCompile>
    <ClCompile Include="lpng\pngrutil.c">
      <Filter>libpng</Filter>
    </ClCompile>
    <ClCompile Include="lpng\pngset.c">
      <Filter>libpng</Filter>
    </ClCompile>
    <ClCompile Include="lpng\pngtrans.c">
      <Filter>libpng</Filter>
    </ClCompile>
    <ClCompile Include="lpng\pngvcrd.c">
      <Filter>libpng</Filter>
    </ClCompile>
    <ClCompile Include="lpng\pngwio.c">
      <Filter>libpng</Filter>
    </ClCompile>
    <ClCompile Include="lpng\pngwrite.c">
      <Filter>libpng</Filter>
    </ClCompile>
    <ClCompile Include="lpng\pngwtran.c">
      <Filter>libpng</Filter>
    </ClCompile>
    <ClCompile Include="lpng\pngwutil.c">
      <Filter>libpng</Filter>
    </ClCompile>
    <ClCompile Include="lpng\trees.c">
      <Filter>libpng</Filter>
    </ClCompile>
    <ClCompile Include="lpng\uncompr.c">
      <Filter>libpng</Filter>
    </ClCompile>
    <ClCompile Include="lpng\zutil.c">
      <Filter>libpng</Filter>
    </ClCompile>
    <ClCompile Include="constants.cpp">
      <Filter>Source Files</Filter>
    </ClCompile>
    <ClCompile Include="NameIndex.cpp">
      <Filter>Source Files\Manager</Filter>
    </ClCompile>
    <ClCompile Include="Time.cpp">
      <Filter>Source Files\Game Engine\System</Filter>
    </ClCompile>
    <ClCompile Include="graphics.cpp">
      <Filter>Source Files\Game Engine\Graphics</Filter>
    </ClCompile>
    <ClCompile Include="RunLevelState.cpp">
      <Filter>Source Files\Game Engine\Application</Filter>
    </ClCompile>
    <ClCompile Include="TestLevel.cpp">
      <Filter>Source Files\Game Engine\Application</Filter>
    </ClCompile>
    <ClCompile Include="sprite.cpp">
      <Filter>Source Files\Game Engine\Graphics</Filter>
    </ClCompile>
    <ClCompile Include="audio.cpp">
      <Filter>Source Files\Game Engine\Audio</Filter>
    </ClCompile>
    <ClCompile Include="input.cpp">
      <Filter>Source Files\Game Engine\Input</Filter>
    </ClCompile>
    <ClCompile Include="ShotType.cpp">
      <Filter>Source Files\Game Engine\Application</Filter>
    </ClCompile>
    <ClCompile Include="random.cpp">
      <Filter>Source Files</Filter>
    </ClCompile>
  </ItemGroup>
  <ItemGroup>
    <ClInclude Include="component.hpp">
      <Filter>Header Files</Filter>
    </ClInclude>
    <ClInclude Include="entity.hpp">
      <Filter>Header Files\Game Engine\Entity System</Filter>
    </ClInclude>
    <ClInclude Include="geometry.hpp">
      <Filter>Header Files\Game Engine\Geometry</Filter>
    </ClInclude>
    <ClInclude Include="glfw_include\GLFW\glfw3.h">
      <Filter>Header Files</Filter>
    </ClInclude>
    <ClInclude Include="glfw_include\GLFW\glfw3native.h">
      <Filter>Header Files</Filter>
    </ClInclude>
    <ClInclude Include="BulletHell2.hpp">
      <Filter>Header Files\Game Engine\Application</Filter>
    </ClInclude>
    <ClInclude Include="components.hpp">
      <Filter>Header Files\Components</Filter>
    </ClInclude>
    <ClInclude Include="glew\GL\glew.h">
      <Filter>Header Files\GL</Filter>
    </ClInclude>
    <ClInclude Include="glew\GL\glxew.h">
      <Filter>Header Files\GL</Filter>
    </ClInclude>
    <ClInclude Include="glew\GL\wglew.h">
      <Filter>Header Files\GL</Filter>
    </ClInclude>
    <ClInclude Include="Functions.h">
      <Filter>Header Files</Filter>
    </ClInclude>
    <ClInclude Include="NameIndex.hpp">
      <Filter>Header Files\Managers</Filter>
    </ClInclude>
    <ClInclude Include="constants.hpp">
      <Filter>Header Files</Filter>
    </ClInclude>
    <ClInclude Include="CameraManager.hpp">
      <Filter>Header Files\Managers</Filter>
    </ClInclude>
    <ClInclude Include="Time.hpp">
      <Filter>Header Files\Game Engine\System</Filter>
    </ClInclude>
    <ClInclude Include="EntitySystemView.hpp">
      <Filter>Header Files\Managers</Filter>
    </ClInclude>
    <ClInclude Include="window.hpp">
      <Filter>Header Files\Game Engine\Graphics</Filter>
    </ClInclude>
    <ClInclude Include="Level.hpp">
      <Filter>Header Files\Game Engine\Application</Filter>
    </ClInclude>
    <ClInclude Include="RunLevelState.hpp">
      <Filter>Header Files\Game Engine\Application</Filter>
    </ClInclude>
    <ClInclude Include="sprite.h">
      <Filter>Header Files\Game Engine\Graphics</Filter>
    </ClInclude>
    <ClInclude Include="resource.h">
      <Filter>Header Files</Filter>
    </ClInclude>
    <ClInclude Include="audio.hpp">
      <Filter>Header Files\Game Engine\Audio</Filter>
    </ClInclude>
    <ClInclude Include="fmod\fmod.h">
      <Filter>Header Files\FMOD</Filter>
    </ClInclude>
    <ClInclude Include="fmod\fmod.hpp">
      <Filter>Header Files\FMOD</Filter>
    </ClInclude>
    <ClInclude Include="fmod\fmod_codec.h">
      <Filter>Header Files\FMOD</Filter>
    </ClInclude>
    <ClInclude Include="fmod\fmod_common.h">
      <Filter>Header Files\FMOD</Filter>
    </ClInclude>
    <ClInclude Include="fmod\fmod_dsp.h">
      <Filter>Header Files\FMOD</Filter>
    </ClInclude>
    <ClInclude Include="fmod\fmod_dsp_effects.h">
      <Filter>Header Files\FMOD</Filter>
    </ClInclude>
    <ClInclude Include="fmod\fmod_errors.h">
      <Filter>Header Files\FMOD</Filter>
    </ClInclude>
    <ClInclude Include="fmod\fmod_output.h">
      <Filter>Header Files\FMOD</Filter>
    </ClInclude>
    <ClInclude Include="input.hpp">
      <Filter>Header Files\Game Engine\Input</Filter>
    </ClInclude>
    <ClInclude Include="ShotType.hpp">
      <Filter>Header Files\Game Engine\Application</Filter>
    </ClInclude>
    <ClInclude Include="random.hpp">
      <Filter>Header Files</Filter>
    </ClInclude>
  </ItemGroup>
  <ItemGroup>
    <None Include="glfw3.dll">
      <Filter>Resource Files\libs</Filter>
    </None>
    <None Include="glew32.dll">
      <Filter>Resource Files\libs</Filter>
    </None>
    <None Include="fmodL64.dll">
      <Filter>Resource Files\libs</Filter>
    </None>
  </ItemGroup>
  <ItemGroup>
    <Library Include="glfw3.lib">
      <Filter>Resource Files\libs</Filter>
    </Library>
    <Library Include="glfw3dll.lib">
      <Filter>Resource Files\libs</Filter>
    </Library>
    <Library Include="glew\glew32.lib">
      <Filter>Resource Files\libs</Filter>
    </Library>
    <Library Include="glew\glew32s.lib">
      <Filter>Resource Files\libs</Filter>
    </Library>
    <Library Include="fmodL64_vc.lib">
      <Filter>Resource Files\libs</Filter>
    </Library>
  </ItemGroup>
  <ItemGroup>
    <Image Include="png\test1.png">
      <Filter>Resource Files\png</Filter>
    </Image>
    <Image Include="png\fireball_1.png">
      <Filter>Resource Files\png</Filter>
    </Image>
    <Image Include="png\bg1.png">
      <Filter>Resource Files\png</Filter>
    </Image>
    <Image Include="png\player_temp.png">
      <Filter>Resource Files\png</Filter>
    </Image>
    <Image Include="png\babble_red.png">
      <Filter>Resource Files\png</Filter>
    </Image>
    <Image Include="png\needle.png">
      <Filter>Resource Files\png</Filter>
    </Image>
    <Image Include="png\stolenRan.png">
      <Filter>Resource Files\png</Filter>
    </Image>
    <Image Include="png\flamingskull.png">
      <Filter>Resource Files\png</Filter>
    </Image>
    <Image Include="png\lozange.png">
      <Filter>Resource Files\png</Filter>
    </Image>
    <Image Include="png\fireball_2.png">
      <Filter>Resource Files\png</Filter>
    </Image>
    <Image Include="png\ui.png">
      <Filter>Resource Files\png</Filter>
    </Image>
  </ItemGroup>
  <ItemGroup>
    <Text Include="shaders\fragment_shader_1.txt">
      <Filter>Resource Files\shaders</Filter>
    </Text>
    <Text Include="shaders\vertex_shader_1.txt">
      <Filter>Resource Files\shaders</Filter>
    </Text>
  </ItemGroup>
  <ItemGroup>
    <ResourceCompile Include="BulletHell2.rc">
      <Filter>Resource Files</Filter>
    </ResourceCompile>
  </ItemGroup>
  <ItemGroup>
    <Media Include="music\test.mp3">
      <Filter>Resource Files\music</Filter>
    </Media>
    <Media Include="sfx\blast.wav">
      <Filter>Resource Files\sfx</Filter>
    </Media>
    <Media Include="music\boss.mp3">
      <Filter>Resource Files\music</Filter>
    </Media>
    <Media Include="music\bsong1.mp3">
      <Filter>Resource Files\music</Filter>
    </Media>
  </ItemGroup>
</Project>