<?xml version="1.0" encoding="utf-8"?>
<Project ToolsVersion="4.0" xmlns="http://schemas.microsoft.com/developer/msbuild/2003">
  <ItemGroup>
    <Filter Include="Source Files">
      <UniqueIdentifier>{4FC737F1-C7A5-4376-A066-2A32D752A2FF}</UniqueIdentifier>
      <Extensions>cpp;c;cc;cxx;def;odl;idl;hpj;bat;asm;asmx</Extensions>
    </Filter>
    <Filter Include="Header Files">
      <UniqueIdentifier>{93995380-89BD-4b04-88EB-625FBE52EBFB}</UniqueIdentifier>
      <Extensions>h;hh;hpp;hxx;hm;inl;inc;xsd</Extensions>
    </Filter>
    <Filter Include="Resource Files">
      <UniqueIdentifier>{67DA6AB6-F800-4c08-8B7A-83BB121AAD01}</UniqueIdentifier>
      <Extensions>rc;ico;cur;bmp;dlg;rc2;rct;bin;rgs;gif;jpg;jpeg;jpe;resx;tiff;tif;png;wav;mfcribbon-ms</Extensions>
    </Filter>
    <Filter Include="Resource Files\png">
      <UniqueIdentifier>{f073e74d-1d39-47f5-a91d-02db2ad054ea}</UniqueIdentifier>
    </Filter>
    <Filter Include="Resource Files\shaders">
      <UniqueIdentifier>{0a0b28b0-3d90-4551-9aef-ea628b495137}</UniqueIdentifier>
    </Filter>
    <Filter Include="Resource Files\libs">
      <UniqueIdentifier>{e2202692-9ee3-44aa-ab74-c43626286053}</UniqueIdentifier>
    </Filter>
    <Filter Include="Header Files\Managers">
      <UniqueIdentifier>{ae4d5ed9-710f-49cf-8db4-b4e409e4a9f8}</UniqueIdentifier>
    </Filter>
    <Filter Include="Header Files\Game Engine">
      <UniqueIdentifier>{bb0870c1-3e14-4ce2-9892-c7b67bc74c1a}</UniqueIdentifier>
    </Filter>
    <Filter Include="Source Files\Game Engine">
      <UniqueIdentifier>{187a5377-8201-44fb-8963-229846e32771}</UniqueIdentifier>
    </Filter>
    <Filter Include="Header Files\Game Engine\Entity System">
      <UniqueIdentifier>{508b0831-377b-4e66-b777-ebd5292db6b0}</UniqueIdentifier>
    </Filter>
    <Filter Include="Source Files\Game Engine\Entity System">
      <UniqueIdentifier>{927ec997-c71f-4ae5-bb39-9c02569fc99e}</UniqueIdentifier>
    </Filter>
    <Filter Include="Header Files\Game Engine\Geometry">
      <UniqueIdentifier>{fb8cbf6b-317a-4496-a16e-ae7ca7c1c4d0}</UniqueIdentifier>
    </Filter>
    <Filter Include="Source Files\Game Engine\Geometry">
      <UniqueIdentifier>{8c031793-75b0-4baf-a6a7-4a42de655955}</UniqueIdentifier>
    </Filter>
    <Filter Include="Header Files\Game Engine\Application">
      <UniqueIdentifier>{20ffd586-ef69-41f8-be32-aa6255c4bb5c}</UniqueIdentifier>
    </Filter>
    <Filter Include="Source Files\Game Engine\Application">
      <UniqueIdentifier>{01bba54e-e1d3-4d7d-86a5-15a6876e72b1}</UniqueIdentifier>
    </Filter>
    <Filter Include="Header Files\Components">
      <UniqueIdentifier>{459bc114-4221-4792-b2f4-99be444ca905}</UniqueIdentifier>
    </Filter>
    <Filter Include="Header Files\GL">
      <UniqueIdentifier>{f757423b-2b30-4783-b1be-a49925d27205}</UniqueIdentifier>
    </Filter>
    <Filter Include="libpng">
      <UniqueIdentifier>{f86c4dc9-94af-4356-8c8a-b1bb17bc391a}</UniqueIdentifier>
    </Filter>
  </ItemGroup>
  <ItemGroup>
    <ClCompile Include="bhmain.cpp">
      <Filter>Source Files</Filter>
    </ClCompile>
    <ClCompile Include="entity.cpp">
      <Filter>Source Files\Game Engine\Entity System</Filter>
    </ClCompile>
    <ClCompile Include="geometry.cpp">
      <Filter>Source Files\Game Engine\Geometry</Filter>
    </ClCompile>
    <ClCompile Include="BulletHell2.cpp">
      <Filter>Source Files\Game Engine\Application</Filter>
    </ClCompile>
    <ClCompile Include="lpng\adler32.c">
      <Filter>libpng</Filter>
    </ClCompile>
    <ClCompile Include="lpng\compress.c">
      <Filter>libpng</Filter>
    </ClCompile>
    <ClCompile Include="lpng\crc32.c">
      <Filter>libpng</Filter>
    </ClCompile>
    <ClCompile Include="lpng\deflate.c">
      <Filter>libpng</Filter>
    </ClCompile>
    <ClCompile Include="lpng\gzio.c">
      <Filter>libpng</Filter>
    </ClCompile>
    <ClCompile Include="lpng\infback.c">
      <Filter>libpng</Filter>
    </ClCompile>
    <ClCompile Include="lpng\inffast.c">
      <Filter>libpng</Filter>
    </ClCompile>
    <ClCompile Include="lpng\inflate.c">
      <Filter>libpng</Filter>
    </ClCompile>
    <ClCompile Include="lpng\inftrees.c">
      <Filter>libpng</Filter>
    </ClCompile>
    <ClCompile Include="lpng\minigzip.c">
      <Filter>libpng</Filter>
    </ClCompile>
    <ClCompile Include="lpng\png.c">
      <Filter>libpng</Filter>
    </ClCompile>
    <ClCompile Include="lpng\pngerror.c">
      <Filter>libpng</Filter>
    </ClCompile>
    <ClCompile Include="lpng\pnggccrd.c">
      <Filter>libpng</Filter>
    </ClCompile>
    <ClCompile Include="lpng\pngget.c">
      <Filter>libpng</Filter>
    </ClCompile>
    <ClCompile Include="lpng\pngmem.c">
      <Filter>libpng</Filter>
    </ClCompile>
    <ClCompile Include="lpng\pngpread.c">
      <Filter>libpng</Filter>
    </ClCompile>
    <ClCompile Include="lpng\pngread.c">
      <Filter>libpng</Filter>
    </ClCompile>
    <ClCompile Include="lpng\pngrio.c">
      <Filter>libpng</Filter>
    </ClCompile>
    <ClCompile Include="lpng\pngrtran.c">
      <Filter>libpng</Filter>
    </ClCompile>
    <ClCompile Include="lpng\pngrutil.c">
      <Filter>libpng</Filter>
    </ClCompile>
    <ClCompile Include="lpng\pngset.c">
      <Filter>libpng</Filter>
    </ClCompile>
    <ClCompile Include="lpng\pngtrans.c">
      <Filter>libpng</Filter>
    </ClCompile>
    <ClCompile Include="lpng\pngvcrd.c">
      <Filter>libpng</Filter>
    </ClCompile>
    <ClCompile Include="lpng\pngwio.c">
      <Filter>libpng</Filter>
    </ClCompile>
    <ClCompile Include="lpng\pngwrite.c">
      <Filter>libpng</Filter>
    </ClCompile>
    <ClCompile Include="lpng\pngwtran.c">
      <Filter>libpng</Filter>
    </ClCompile>
    <ClCompile Include="lpng\pngwutil.c">
      <Filter>libpng</Filter>
    </ClCompile>
    <ClCompile Include="lpng\trees.c">
      <Filter>libpng</Filter>
    </ClCompile>
    <ClCompile Include="lpng\uncompr.c">
      <Filter>libpng</Filter>
    </ClCompile>
    <ClCompile Include="lpng\zutil.c">
      <Filter>libpng</Filter>
    </ClCompile>
  </ItemGroup>
  <ItemGroup>
    <ClInclude Include="component.hpp">
      <Filter>Header Files</Filter>
    </ClInclude>
    <ClInclude Include="entity.hpp">
      <Filter>Header Files\Game Engine\Entity System</Filter>
    </ClInclude>
    <ClInclude Include="geometry.hpp">
      <Filter>Header Files\Game Engine\Geometry</Filter>
    </ClInclude>
    <ClInclude Include="glfw_include\GLFW\glfw3.h">
      <Filter>Header Files</Filter>
    </ClInclude>
    <ClInclude Include="glfw_include\GLFW\glfw3native.h">
      <Filter>Header Files</Filter>
    </ClInclude>
    <ClInclude Include="BulletHell2.hpp">
      <Filter>Header Files\Game Engine\Application</Filter>
    </ClInclude>
    <ClInclude Include="components.hpp">
      <Filter>Header Files\Components</Filter>
    </ClInclude>
    <ClInclude Include="glew\GL\glew.h">
      <Filter>Header Files\GL</Filter>
    </ClInclude>
    <ClInclude Include="glew\GL\glxew.h">
      <Filter>Header Files\GL</Filter>
    </ClInclude>
    <ClInclude Include="glew\GL\wglew.h">
      <Filter>Header Files\GL</Filter>
    </ClInclude>
    <ClInclude Include="Functions.h">
      <Filter>Header Files</Filter>
    </ClInclude>
    <ClInclude Include="NameIndex.hpp">
      <Filter>Header Files\Managers</Filter>
    </ClInclude>
    <ClInclude Include="constants.hpp">
      <Filter>Header Files</Filter>
    </ClInclude>
  </ItemGroup>
  <ItemGroup>
    <None Include="glfw3.dll">
      <Filter>Resource Files\libs</Filter>
    </None>
    <None Include="glew32.dll">
      <Filter>Resource Files\libs</Filter>
    </None>
  </ItemGroup>
  <ItemGroup>
    <Library Include="glfw3.lib">
      <Filter>Resource Files\libs</Filter>
    </Library>
    <Library Include="glfw3dll.lib">
      <Filter>Resource Files\libs</Filter>
    </Library>
    <Library Include="glew\glew32.lib">
      <Filter>Resource Files\libs</Filter>
    </Library>
    <Library Include="glew\glew32s.lib">
      <Filter>Resource Files\libs</Filter>
    </Library>
  </ItemGroup>
  <ItemGroup>
    <Image Include="png\test1.png">
      <Filter>Resource Files\png</Filter>
    </Image>
  </ItemGroup>
  <ItemGroup>
    <Text Include="shaders\fragment_shader_1.txt">
      <Filter>Resource Files\shaders</Filter>
    </Text>
    <Text Include="shaders\vertex_shader_1.txt">
      <Filter>Resource Files\shaders</Filter>
    </Text>
  </ItemGroup>
</Project>